
Microsoft Visual Studio Solution File, Format Version 12.00
# Visual Studio 15
VisualStudioVersion = 15.0.28010.2019
MinimumVisualStudioVersion = 10.0.40219.1
Project("{FAE04EC0-301F-11D3-BF4B-00C04F79EFBC}") = "ProductBackgroundEngine", "ProductBackgroundEngine\ProductBackgroundEngine.csproj", "{B457EDEC-88B4-46CE-82CC-5345CFDE7577}"
EndProject
Project("{FAE04EC0-301F-11D3-BF4B-00C04F79EFBC}") = "Logger", "Logger\Logger.csproj", "{B59B462B-E0FC-4617-A2C2-420D56DA6409}"
EndProject
Project("{2150E333-8FDC-42A3-9474-1A3956D46DE8}") = "Utilities", "Utilities", "{576ACF08-2837-44B5-84EE-57D91ECCE75E}"
EndProject
Project("{2150E333-8FDC-42A3-9474-1A3956D46DE8}") = "Models", "Models", "{F34669DA-86D3-4D87-8B9D-839877A0BBAD}"
EndProject
Project("{FAE04EC0-301F-11D3-BF4B-00C04F79EFBC}") = "DatabaseModels", "DatabaseModels\DatabaseModels.csproj", "{010D9C41-5B64-4861-B909-E42855976E9E}"
EndProject
Project("{FAE04EC0-301F-11D3-BF4B-00C04F79EFBC}") = "MiscUtilities", "MiscUtilities\MiscUtilities.csproj", "{117E7D0A-621A-4F92-9F71-74FA64144AC9}"
EndProject
Project("{FAE04EC0-301F-11D3-BF4B-00C04F79EFBC}") = "UtilitiesModels", "UtilitiesModels\UtilitiesModels.csproj", "{12FC29D1-B1C2-46B2-8695-F1E50DA34DBB}"
EndProject
Project("{FAE04EC0-301F-11D3-BF4B-00C04F79EFBC}") = "CrawlingUtilities", "CrawlingUtilities\CrawlingUtilities.csproj", "{22CE7430-0B2D-4C27-82A4-EE8DDBB269E1}"
EndProject
Project("{FAE04EC0-301F-11D3-BF4B-00C04F79EFBC}") = "SearchUtilities", "SearchUtilities\SearchUtilities.csproj", "{1A2878BD-6975-4864-9145-A8290CF254C8}"
EndProject
Global
	GlobalSection(SolutionConfigurationPlatforms) = preSolution
		Debug|Any CPU = Debug|Any CPU
		Release|Any CPU = Release|Any CPU
	EndGlobalSection
	GlobalSection(ProjectConfigurationPlatforms) = postSolution
		{B457EDEC-88B4-46CE-82CC-5345CFDE7577}.Debug|Any CPU.ActiveCfg = Debug|Any CPU
		{B457EDEC-88B4-46CE-82CC-5345CFDE7577}.Debug|Any CPU.Build.0 = Debug|Any CPU
		{B457EDEC-88B4-46CE-82CC-5345CFDE7577}.Release|Any CPU.ActiveCfg = Release|Any CPU
		{B457EDEC-88B4-46CE-82CC-5345CFDE7577}.Release|Any CPU.Build.0 = Release|Any CPU
		{B59B462B-E0FC-4617-A2C2-420D56DA6409}.Debug|Any CPU.ActiveCfg = Debug|Any CPU
		{B59B462B-E0FC-4617-A2C2-420D56DA6409}.Debug|Any CPU.Build.0 = Debug|Any CPU
		{B59B462B-E0FC-4617-A2C2-420D56DA6409}.Release|Any CPU.ActiveCfg = Release|Any CPU
		{B59B462B-E0FC-4617-A2C2-420D56DA6409}.Release|Any CPU.Build.0 = Release|Any CPU
		{010D9C41-5B64-4861-B909-E42855976E9E}.Debug|Any CPU.ActiveCfg = Debug|Any CPU
		{010D9C41-5B64-4861-B909-E42855976E9E}.Debug|Any CPU.Build.0 = Debug|Any CPU
		{010D9C41-5B64-4861-B909-E42855976E9E}.Release|Any CPU.ActiveCfg = Release|Any CPU
		{010D9C41-5B64-4861-B909-E42855976E9E}.Release|Any CPU.Build.0 = Release|Any CPU
		{117E7D0A-621A-4F92-9F71-74FA64144AC9}.Debug|Any CPU.ActiveCfg = Debug|Any CPU
		{117E7D0A-621A-4F92-9F71-74FA64144AC9}.Debug|Any CPU.Build.0 = Debug|Any CPU
		{117E7D0A-621A-4F92-9F71-74FA64144AC9}.Release|Any CPU.ActiveCfg = Release|Any CPU
		{117E7D0A-621A-4F92-9F71-74FA64144AC9}.Release|Any CPU.Build.0 = Release|Any CPU
		{12FC29D1-B1C2-46B2-8695-F1E50DA34DBB}.Debug|Any CPU.ActiveCfg = Debug|Any CPU
		{12FC29D1-B1C2-46B2-8695-F1E50DA34DBB}.Debug|Any CPU.Build.0 = Debug|Any CPU
		{12FC29D1-B1C2-46B2-8695-F1E50DA34DBB}.Release|Any CPU.ActiveCfg = Release|Any CPU
		{12FC29D1-B1C2-46B2-8695-F1E50DA34DBB}.Release|Any CPU.Build.0 = Release|Any CPU
		{22CE7430-0B2D-4C27-82A4-EE8DDBB269E1}.Debug|Any CPU.ActiveCfg = Debug|Any CPU
		{22CE7430-0B2D-4C27-82A4-EE8DDBB269E1}.Debug|Any CPU.Build.0 = Debug|Any CPU
		{22CE7430-0B2D-4C27-82A4-EE8DDBB269E1}.Release|Any CPU.ActiveCfg = Release|Any CPU
		{22CE7430-0B2D-4C27-82A4-EE8DDBB269E1}.Release|Any CPU.Build.0 = Release|Any CPU
		{1A2878BD-6975-4864-9145-A8290CF254C8}.Debug|Any CPU.ActiveCfg = Debug|Any CPU
		{1A2878BD-6975-4864-9145-A8290CF254C8}.Debug|Any CPU.Build.0 = Debug|Any CPU
		{1A2878BD-6975-4864-9145-A8290CF254C8}.Release|Any CPU.ActiveCfg = Release|Any CPU
		{1A2878BD-6975-4864-9145-A8290CF254C8}.Release|Any CPU.Build.0 = Release|Any CPU
	EndGlobalSection
	GlobalSection(SolutionProperties) = preSolution
		HideSolutionNode = FALSE
	EndGlobalSection
	GlobalSection(NestedProjects) = preSolution
		{B59B462B-E0FC-4617-A2C2-420D56DA6409} = {576ACF08-2837-44B5-84EE-57D91ECCE75E}
		{010D9C41-5B64-4861-B909-E42855976E9E} = {F34669DA-86D3-4D87-8B9D-839877A0BBAD}
		{117E7D0A-621A-4F92-9F71-74FA64144AC9} = {576ACF08-2837-44B5-84EE-57D91ECCE75E}
		{12FC29D1-B1C2-46B2-8695-F1E50DA34DBB} = {F34669DA-86D3-4D87-8B9D-839877A0BBAD}
		{22CE7430-0B2D-4C27-82A4-EE8DDBB269E1} = {576ACF08-2837-44B5-84EE-57D91ECCE75E}
		{1A2878BD-6975-4864-9145-A8290CF254C8} = {576ACF08-2837-44B5-84EE-57D91ECCE75E}
	EndGlobalSection
	GlobalSection(ExtensibilityGlobals) = postSolution
		SolutionGuid = {C0B26CFB-FBA1-4957-918C-39512C8DCB7A}
	EndGlobalSection
EndGlobal
